
Microsoft Visual Studio Solution File, Format Version 12.00
# Visual Studio Version 17
VisualStudioVersion = 17.14.36203.30
MinimumVisualStudioVersion = 10.0.40219.1
Project("{FAE04EC0-301F-11D3-BF4B-00C04F79EFBC}") = "Presentation", "Presentation\Presentation.csproj", "{070BE626-2752-4CF2-963A-E09609F97E09}"
EndProject
Project("{FAE04EC0-301F-11D3-BF4B-00C04F79EFBC}") = "IntegrationTests", "IntegrationTests\IntegrationTests.csproj", "{119DCCA0-1AE2-4422-9829-C485B33805EE}"
EndProject
Project("{FAE04EC0-301F-11D3-BF4B-00C04F79EFBC}") = "PerformanceTests", "PerformanceTests\PerformanceTests.csproj", "{4DAE64E3-3720-48A8-A266-E87C6BE0CD16}"
EndProject
Project("{FAE04EC0-301F-11D3-BF4B-00C04F79EFBC}") = "UnitTests", "UnitTests\UnitTests.csproj", "{03159852-D2E5-4EE6-889B-95E17286AEEC}"
EndProject
Project("{FAE04EC0-301F-11D3-BF4B-00C04F79EFBC}") = "FileGenerator", "FileGenerator\FileGenerator.csproj", "{EE0CC792-F418-41B9-961C-EE2E7EC2EEF7}"
EndProject
Global
	GlobalSection(SolutionConfigurationPlatforms) = preSolution
		Debug|Any CPU = Debug|Any CPU
		Release|Any CPU = Release|Any CPU
	EndGlobalSection
	GlobalSection(ProjectConfigurationPlatforms) = postSolution
		{070BE626-2752-4CF2-963A-E09609F97E09}.Debug|Any CPU.ActiveCfg = Debug|Any CPU
		{070BE626-2752-4CF2-963A-E09609F97E09}.Debug|Any CPU.Build.0 = Debug|Any CPU
		{070BE626-2752-4CF2-963A-E09609F97E09}.Release|Any CPU.ActiveCfg = Release|Any CPU
		{070BE626-2752-4CF2-963A-E09609F97E09}.Release|Any CPU.Build.0 = Release|Any CPU
		{119DCCA0-1AE2-4422-9829-C485B33805EE}.Debug|Any CPU.ActiveCfg = Debug|Any CPU
		{119DCCA0-1AE2-4422-9829-C485B33805EE}.Debug|Any CPU.Build.0 = Debug|Any CPU
		{119DCCA0-1AE2-4422-9829-C485B33805EE}.Release|Any CPU.ActiveCfg = Release|Any CPU
		{119DCCA0-1AE2-4422-9829-C485B33805EE}.Release|Any CPU.Build.0 = Release|Any CPU
		{4DAE64E3-3720-48A8-A266-E87C6BE0CD16}.Debug|Any CPU.ActiveCfg = Debug|Any CPU
		{4DAE64E3-3720-48A8-A266-E87C6BE0CD16}.Debug|Any CPU.Build.0 = Debug|Any CPU
		{4DAE64E3-3720-48A8-A266-E87C6BE0CD16}.Release|Any CPU.ActiveCfg = Release|Any CPU
		{4DAE64E3-3720-48A8-A266-E87C6BE0CD16}.Release|Any CPU.Build.0 = Release|Any CPU
		{03159852-D2E5-4EE6-889B-95E17286AEEC}.Debug|Any CPU.ActiveCfg = Debug|Any CPU
		{03159852-D2E5-4EE6-889B-95E17286AEEC}.Debug|Any CPU.Build.0 = Debug|Any CPU
		{03159852-D2E5-4EE6-889B-95E17286AEEC}.Release|Any CPU.ActiveCfg = Release|Any CPU
		{03159852-D2E5-4EE6-889B-95E17286AEEC}.Release|Any CPU.Build.0 = Release|Any CPU
		{EE0CC792-F418-41B9-961C-EE2E7EC2EEF7}.Debug|Any CPU.ActiveCfg = Debug|Any CPU
		{EE0CC792-F418-41B9-961C-EE2E7EC2EEF7}.Debug|Any CPU.Build.0 = Debug|Any CPU
		{EE0CC792-F418-41B9-961C-EE2E7EC2EEF7}.Release|Any CPU.ActiveCfg = Release|Any CPU
		{EE0CC792-F418-41B9-961C-EE2E7EC2EEF7}.Release|Any CPU.Build.0 = Release|Any CPU
	EndGlobalSection
	GlobalSection(SolutionProperties) = preSolution
		HideSolutionNode = FALSE
	EndGlobalSection
	GlobalSection(ExtensibilityGlobals) = postSolution
		SolutionGuid = {F688B787-449A-4AFC-B713-5F8DEC3A4FCA}
	EndGlobalSection
EndGlobal
